
Microsoft Visual Studio Solution File, Format Version 12.00
# Visual Studio Version 17
VisualStudioVersion = 17.5.33516.290
MinimumVisualStudioVersion = 10.0.40219.1
Project("{FAE04EC0-301F-11D3-BF4B-00C04F79EFBC}") = "CCQ3", "CCQ3\CCQ3.csproj", "{E18C3CF4-EF1E-4E63-9652-2B92581A20DD}"
EndProject
Global
	GlobalSection(SolutionConfigurationPlatforms) = preSolution
		Debug|Any CPU = Debug|Any CPU
		Release|Any CPU = Release|Any CPU
	EndGlobalSection
	GlobalSection(ProjectConfigurationPlatforms) = postSolution
		{E18C3CF4-EF1E-4E63-9652-2B92581A20DD}.Debug|Any CPU.ActiveCfg = Debug|Any CPU
		{E18C3CF4-EF1E-4E63-9652-2B92581A20DD}.Debug|Any CPU.Build.0 = Debug|Any CPU
		{E18C3CF4-EF1E-4E63-9652-2B92581A20DD}.Release|Any CPU.ActiveCfg = Release|Any CPU
		{E18C3CF4-EF1E-4E63-9652-2B92581A20DD}.Release|Any CPU.Build.0 = Release|Any CPU
	EndGlobalSection
	GlobalSection(SolutionProperties) = preSolution
		HideSolutionNode = FALSE
	EndGlobalSection
	GlobalSection(ExtensibilityGlobals) = postSolution
		SolutionGuid = {9795793C-E1E4-4D50-909A-EA228F2FD5EA}
	EndGlobalSection
EndGlobal
